// !$*UTF8*$!
{
	archiveVersion = 1;
	classes = {
	};
	objectVersion = 56;
	objects = {

/* Begin PBXBuildFile section */
		EC0228BC2A3BB7E600C563C9 /* StubPersistenceStrategy.swift in Sources */ = {isa = PBXBuildFile; fileRef = EC0228BB2A3BB7E600C563C9 /* StubPersistenceStrategy.swift */; };
		EC2476352A3323B60005B6A4 /* ArrayExtensions.swift in Sources */ = {isa = PBXBuildFile; fileRef = EC2476342A3323B60005B6A4 /* ArrayExtensions.swift */; };
		EC24763F2A34BA2E0005B6A4 /* JsonPersistenceData.swift in Sources */ = {isa = PBXBuildFile; fileRef = EC24763D2A34BA2E0005B6A4 /* JsonPersistenceData.swift */; };
		EC2476402A34BA2E0005B6A4 /* JsonPersistenceStrategy.swift in Sources */ = {isa = PBXBuildFile; fileRef = EC24763E2A34BA2E0005B6A4 /* JsonPersistenceStrategy.swift */; };
		EC2476422A34BBE20005B6A4 /* PersistenceStrategy.swift in Sources */ = {isa = PBXBuildFile; fileRef = EC2476412A34BBE20005B6A4 /* PersistenceStrategy.swift */; };
		EC2CD6302A29E3BB00B1DD99 /* BaseVM.swift in Sources */ = {isa = PBXBuildFile; fileRef = EC2CD62F2A29E3BB00B1DD99 /* BaseVM.swift */; };
		EC4BA4CF2A20D63F00BF0EF7 /* SubjectView.swift in Sources */ = {isa = PBXBuildFile; fileRef = EC4BA4CE2A20D63F00BF0EF7 /* SubjectView.swift */; };
		EC4BA4D72A20D98B00BF0EF7 /* SubjectVM.swift in Sources */ = {isa = PBXBuildFile; fileRef = EC4BA4D62A20D98B00BF0EF7 /* SubjectVM.swift */; };
		EC4BA4DA2A20DA0000BF0EF7 /* Model in Frameworks */ = {isa = PBXBuildFile; productRef = EC4BA4D92A20DA0000BF0EF7 /* Model */; };
		EC4BA4DC2A20DFB400BF0EF7 /* TeachingUnitVM.swift in Sources */ = {isa = PBXBuildFile; fileRef = EC4BA4DB2A20DFB400BF0EF7 /* TeachingUnitVM.swift */; };
		EC4C9B822A1FFC6300C38C66 /* CapsuleSliderView.swift in Sources */ = {isa = PBXBuildFile; fileRef = EC4C9B812A1FFC6300C38C66 /* CapsuleSliderView.swift */; };
		ECA414962A2351BB0044FED8 /* BlocView.swift in Sources */ = {isa = PBXBuildFile; fileRef = ECA414952A2351BB0044FED8 /* BlocView.swift */; };
		ECA414982A2354DE0044FED8 /* OdinVM.swift in Sources */ = {isa = PBXBuildFile; fileRef = ECA414972A2354DE0044FED8 /* OdinVM.swift */; };
		ECA4149A2A235DBD0044FED8 /* TeachingUnitView.swift in Sources */ = {isa = PBXBuildFile; fileRef = ECA414992A235DBD0044FED8 /* TeachingUnitView.swift */; };
		ECA4149C2A235DD50044FED8 /* CalculatorView.swift in Sources */ = {isa = PBXBuildFile; fileRef = ECA4149B2A235DD50044FED8 /* CalculatorView.swift */; };
		ECA4149E2A2368520044FED8 /* BlocsView.swift in Sources */ = {isa = PBXBuildFile; fileRef = ECA4149D2A2368520044FED8 /* BlocsView.swift */; };
		ECA414A02A236C180044FED8 /* TeachingUnitsView.swift in Sources */ = {isa = PBXBuildFile; fileRef = ECA4149F2A236C180044FED8 /* TeachingUnitsView.swift */; };
		ECA414A82A238F4D0044FED8 /* TeachingUnitGlobalDetailView.swift in Sources */ = {isa = PBXBuildFile; fileRef = ECA414A72A238F4D0044FED8 /* TeachingUnitGlobalDetailView.swift */; };
		ECA414AA2A2393E30044FED8 /* TeachingUnitDetailView.swift in Sources */ = {isa = PBXBuildFile; fileRef = ECA414A92A2393E30044FED8 /* TeachingUnitDetailView.swift */; };
		ECA414AC2A23960D0044FED8 /* ViewWithLineView.swift in Sources */ = {isa = PBXBuildFile; fileRef = ECA414AB2A23960D0044FED8 /* ViewWithLineView.swift */; };
		ECA414AE2A23A2690044FED8 /* EditTeachingUnitView.swift in Sources */ = {isa = PBXBuildFile; fileRef = ECA414AD2A23A2690044FED8 /* EditTeachingUnitView.swift */; };
		ECA414B02A253FF90044FED8 /* BlocVM.swift in Sources */ = {isa = PBXBuildFile; fileRef = ECA414AF2A253FF90044FED8 /* BlocVM.swift */; };
		ECFF19832A1F9F5100120D8D /* OdinApp.swift in Sources */ = {isa = PBXBuildFile; fileRef = ECFF19822A1F9F5100120D8D /* OdinApp.swift */; };
		ECFF19872A1F9F5100120D8D /* Assets.xcassets in Resources */ = {isa = PBXBuildFile; fileRef = ECFF19862A1F9F5100120D8D /* Assets.xcassets */; };
		ECFF198A2A1F9F5100120D8D /* Preview Assets.xcassets in Resources */ = {isa = PBXBuildFile; fileRef = ECFF19892A1F9F5100120D8D /* Preview Assets.xcassets */; };
		ECFF19942A1F9F5100120D8D /* OdinTests.swift in Sources */ = {isa = PBXBuildFile; fileRef = ECFF19932A1F9F5100120D8D /* OdinTests.swift */; };
		ECFF199E2A1F9F5100120D8D /* OdinUITests.swift in Sources */ = {isa = PBXBuildFile; fileRef = ECFF199D2A1F9F5100120D8D /* OdinUITests.swift */; };
		ECFF19A02A1F9F5100120D8D /* OdinUITestsLaunchTests.swift in Sources */ = {isa = PBXBuildFile; fileRef = ECFF199F2A1F9F5100120D8D /* OdinUITestsLaunchTests.swift */; };
/* End PBXBuildFile section */

/* Begin PBXContainerItemProxy section */
		ECFF19902A1F9F5100120D8D /* PBXContainerItemProxy */ = {
			isa = PBXContainerItemProxy;
			containerPortal = ECFF19772A1F9F5100120D8D /* Project object */;
			proxyType = 1;
			remoteGlobalIDString = ECFF197E2A1F9F5100120D8D;
			remoteInfo = Odin;
		};
		ECFF199A2A1F9F5100120D8D /* PBXContainerItemProxy */ = {
			isa = PBXContainerItemProxy;
			containerPortal = ECFF19772A1F9F5100120D8D /* Project object */;
			proxyType = 1;
			remoteGlobalIDString = ECFF197E2A1F9F5100120D8D;
			remoteInfo = Odin;
		};
/* End PBXContainerItemProxy section */

/* Begin PBXFileReference section */
		EC0228BB2A3BB7E600C563C9 /* StubPersistenceStrategy.swift */ = {isa = PBXFileReference; lastKnownFileType = sourcecode.swift; path = StubPersistenceStrategy.swift; sourceTree = "<group>"; };
		EC2476342A3323B60005B6A4 /* ArrayExtensions.swift */ = {isa = PBXFileReference; lastKnownFileType = sourcecode.swift; path = ArrayExtensions.swift; sourceTree = "<group>"; };
		EC24763D2A34BA2E0005B6A4 /* JsonPersistenceData.swift */ = {isa = PBXFileReference; fileEncoding = 4; lastKnownFileType = sourcecode.swift; path = JsonPersistenceData.swift; sourceTree = "<group>"; };
		EC24763E2A34BA2E0005B6A4 /* JsonPersistenceStrategy.swift */ = {isa = PBXFileReference; fileEncoding = 4; lastKnownFileType = sourcecode.swift; path = JsonPersistenceStrategy.swift; sourceTree = "<group>"; };
		EC2476412A34BBE20005B6A4 /* PersistenceStrategy.swift */ = {isa = PBXFileReference; lastKnownFileType = sourcecode.swift; path = PersistenceStrategy.swift; sourceTree = "<group>"; };
		EC2CD62F2A29E3BB00B1DD99 /* BaseVM.swift */ = {isa = PBXFileReference; lastKnownFileType = sourcecode.swift; path = BaseVM.swift; sourceTree = "<group>"; };
		EC4BA4CE2A20D63F00BF0EF7 /* SubjectView.swift */ = {isa = PBXFileReference; fileEncoding = 4; lastKnownFileType = sourcecode.swift; path = SubjectView.swift; sourceTree = "<group>"; };
		EC4BA4D62A20D98B00BF0EF7 /* SubjectVM.swift */ = {isa = PBXFileReference; lastKnownFileType = sourcecode.swift; path = SubjectVM.swift; sourceTree = "<group>"; };
		EC4BA4DB2A20DFB400BF0EF7 /* TeachingUnitVM.swift */ = {isa = PBXFileReference; lastKnownFileType = sourcecode.swift; path = TeachingUnitVM.swift; sourceTree = "<group>"; };
		EC4C9B812A1FFC6300C38C66 /* CapsuleSliderView.swift */ = {isa = PBXFileReference; lastKnownFileType = sourcecode.swift; path = CapsuleSliderView.swift; sourceTree = "<group>"; };
		ECA414952A2351BB0044FED8 /* BlocView.swift */ = {isa = PBXFileReference; lastKnownFileType = sourcecode.swift; path = BlocView.swift; sourceTree = "<group>"; };
		ECA414972A2354DE0044FED8 /* OdinVM.swift */ = {isa = PBXFileReference; lastKnownFileType = sourcecode.swift; path = OdinVM.swift; sourceTree = "<group>"; };
		ECA414992A235DBD0044FED8 /* TeachingUnitView.swift */ = {isa = PBXFileReference; lastKnownFileType = sourcecode.swift; path = TeachingUnitView.swift; sourceTree = "<group>"; };
		ECA4149B2A235DD50044FED8 /* CalculatorView.swift */ = {isa = PBXFileReference; lastKnownFileType = sourcecode.swift; path = CalculatorView.swift; sourceTree = "<group>"; };
		ECA4149D2A2368520044FED8 /* BlocsView.swift */ = {isa = PBXFileReference; lastKnownFileType = sourcecode.swift; path = BlocsView.swift; sourceTree = "<group>"; };
		ECA4149F2A236C180044FED8 /* TeachingUnitsView.swift */ = {isa = PBXFileReference; lastKnownFileType = sourcecode.swift; path = TeachingUnitsView.swift; sourceTree = "<group>"; };
		ECA414A72A238F4D0044FED8 /* TeachingUnitGlobalDetailView.swift */ = {isa = PBXFileReference; lastKnownFileType = sourcecode.swift; path = TeachingUnitGlobalDetailView.swift; sourceTree = "<group>"; };
		ECA414A92A2393E30044FED8 /* TeachingUnitDetailView.swift */ = {isa = PBXFileReference; lastKnownFileType = sourcecode.swift; path = TeachingUnitDetailView.swift; sourceTree = "<group>"; };
		ECA414AB2A23960D0044FED8 /* ViewWithLineView.swift */ = {isa = PBXFileReference; lastKnownFileType = sourcecode.swift; path = ViewWithLineView.swift; sourceTree = "<group>"; };
		ECA414AD2A23A2690044FED8 /* EditTeachingUnitView.swift */ = {isa = PBXFileReference; lastKnownFileType = sourcecode.swift; path = EditTeachingUnitView.swift; sourceTree = "<group>"; };
		ECA414AF2A253FF90044FED8 /* BlocVM.swift */ = {isa = PBXFileReference; lastKnownFileType = sourcecode.swift; path = BlocVM.swift; sourceTree = "<group>"; };
		ECFF197F2A1F9F5100120D8D /* Odin.app */ = {isa = PBXFileReference; explicitFileType = wrapper.application; includeInIndex = 0; path = Odin.app; sourceTree = BUILT_PRODUCTS_DIR; };
		ECFF19822A1F9F5100120D8D /* OdinApp.swift */ = {isa = PBXFileReference; lastKnownFileType = sourcecode.swift; path = OdinApp.swift; sourceTree = "<group>"; };
		ECFF19862A1F9F5100120D8D /* Assets.xcassets */ = {isa = PBXFileReference; lastKnownFileType = folder.assetcatalog; path = Assets.xcassets; sourceTree = "<group>"; };
		ECFF19892A1F9F5100120D8D /* Preview Assets.xcassets */ = {isa = PBXFileReference; lastKnownFileType = folder.assetcatalog; path = "Preview Assets.xcassets"; sourceTree = "<group>"; };
		ECFF198F2A1F9F5100120D8D /* OdinTests.xctest */ = {isa = PBXFileReference; explicitFileType = wrapper.cfbundle; includeInIndex = 0; path = OdinTests.xctest; sourceTree = BUILT_PRODUCTS_DIR; };
		ECFF19932A1F9F5100120D8D /* OdinTests.swift */ = {isa = PBXFileReference; lastKnownFileType = sourcecode.swift; path = OdinTests.swift; sourceTree = "<group>"; };
		ECFF19992A1F9F5100120D8D /* OdinUITests.xctest */ = {isa = PBXFileReference; explicitFileType = wrapper.cfbundle; includeInIndex = 0; path = OdinUITests.xctest; sourceTree = BUILT_PRODUCTS_DIR; };
		ECFF199D2A1F9F5100120D8D /* OdinUITests.swift */ = {isa = PBXFileReference; lastKnownFileType = sourcecode.swift; path = OdinUITests.swift; sourceTree = "<group>"; };
		ECFF199F2A1F9F5100120D8D /* OdinUITestsLaunchTests.swift */ = {isa = PBXFileReference; lastKnownFileType = sourcecode.swift; path = OdinUITestsLaunchTests.swift; sourceTree = "<group>"; };
/* End PBXFileReference section */

/* Begin PBXFrameworksBuildPhase section */
		ECFF197C2A1F9F5100120D8D /* Frameworks */ = {
			isa = PBXFrameworksBuildPhase;
			buildActionMask = 2147483647;
			files = (
				EC4BA4DA2A20DA0000BF0EF7 /* Model in Frameworks */,
			);
			runOnlyForDeploymentPostprocessing = 0;
		};
		ECFF198C2A1F9F5100120D8D /* Frameworks */ = {
			isa = PBXFrameworksBuildPhase;
			buildActionMask = 2147483647;
			files = (
			);
			runOnlyForDeploymentPostprocessing = 0;
		};
		ECFF19962A1F9F5100120D8D /* Frameworks */ = {
			isa = PBXFrameworksBuildPhase;
			buildActionMask = 2147483647;
			files = (
			);
			runOnlyForDeploymentPostprocessing = 0;
		};
/* End PBXFrameworksBuildPhase section */

/* Begin PBXGroup section */
		EC2476312A3323840005B6A4 /* Utils */ = {
			isa = PBXGroup;
			children = (
				EC2476342A3323B60005B6A4 /* ArrayExtensions.swift */,
			);
			path = Utils;
			sourceTree = "<group>";
		};
		EC2476362A34A1880005B6A4 /* Persistence */ = {
			isa = PBXGroup;
			children = (
				EC2476412A34BBE20005B6A4 /* PersistenceStrategy.swift */,
				EC24763D2A34BA2E0005B6A4 /* JsonPersistenceData.swift */,
				EC24763E2A34BA2E0005B6A4 /* JsonPersistenceStrategy.swift */,
				EC0228BB2A3BB7E600C563C9 /* StubPersistenceStrategy.swift */,
			);
			path = Persistence;
			sourceTree = "<group>";
		};
		EC4BA4D32A20D7D500BF0EF7 /* ViewModels */ = {
			isa = PBXGroup;
			children = (
				EC2476312A3323840005B6A4 /* Utils */,
				EC4BA4D62A20D98B00BF0EF7 /* SubjectVM.swift */,
				EC4BA4DB2A20DFB400BF0EF7 /* TeachingUnitVM.swift */,
				ECA414972A2354DE0044FED8 /* OdinVM.swift */,
				ECA414AF2A253FF90044FED8 /* BlocVM.swift */,
				EC2CD62F2A29E3BB00B1DD99 /* BaseVM.swift */,
			);
			path = ViewModels;
			sourceTree = "<group>";
		};
		EC4BA4D82A20DA0000BF0EF7 /* Frameworks */ = {
			isa = PBXGroup;
			children = (
			);
			name = Frameworks;
			sourceTree = "<group>";
		};
		EC4C9B802A1FFC4700C38C66 /* CustomControls */ = {
			isa = PBXGroup;
			children = (
				ECA414A62A238E9B0044FED8 /* Subjects */,
				ECA414A52A238CEC0044FED8 /* Utils */,
				ECA414A42A238CB00044FED8 /* TeachingUnits */,
				ECA414A32A238C9A0044FED8 /* Blocs */,
			);
			path = CustomControls;
			sourceTree = "<group>";
		};
		EC9A7C972A1FB6270080C2E3 /* Views */ = {
			isa = PBXGroup;
			children = (
				ECA4149B2A235DD50044FED8 /* CalculatorView.swift */,
				ECA414A92A2393E30044FED8 /* TeachingUnitDetailView.swift */,
				ECA414AD2A23A2690044FED8 /* EditTeachingUnitView.swift */,
			);
			path = Views;
			sourceTree = "<group>";
		};
		ECA414A32A238C9A0044FED8 /* Blocs */ = {
			isa = PBXGroup;
			children = (
				ECA414952A2351BB0044FED8 /* BlocView.swift */,
				ECA4149D2A2368520044FED8 /* BlocsView.swift */,
			);
			path = Blocs;
			sourceTree = "<group>";
		};
		ECA414A42A238CB00044FED8 /* TeachingUnits */ = {
			isa = PBXGroup;
			children = (
				ECA414992A235DBD0044FED8 /* TeachingUnitView.swift */,
				ECA4149F2A236C180044FED8 /* TeachingUnitsView.swift */,
				ECA414A72A238F4D0044FED8 /* TeachingUnitGlobalDetailView.swift */,
			);
			path = TeachingUnits;
			sourceTree = "<group>";
		};
		ECA414A52A238CEC0044FED8 /* Utils */ = {
			isa = PBXGroup;
			children = (
				ECA414AB2A23960D0044FED8 /* ViewWithLineView.swift */,
				EC4C9B812A1FFC6300C38C66 /* CapsuleSliderView.swift */,
			);
			path = Utils;
			sourceTree = "<group>";
		};
		ECA414A62A238E9B0044FED8 /* Subjects */ = {
			isa = PBXGroup;
			children = (
				EC4BA4CE2A20D63F00BF0EF7 /* SubjectView.swift */,
			);
			path = Subjects;
			sourceTree = "<group>";
		};
		ECFF19762A1F9F5100120D8D = {
			isa = PBXGroup;
			children = (
				ECFF19812A1F9F5100120D8D /* Odin */,
				ECFF19922A1F9F5100120D8D /* OdinTests */,
				ECFF199C2A1F9F5100120D8D /* OdinUITests */,
				ECFF19802A1F9F5100120D8D /* Products */,
				EC4BA4D82A20DA0000BF0EF7 /* Frameworks */,
			);
			sourceTree = "<group>";
		};
		ECFF19802A1F9F5100120D8D /* Products */ = {
			isa = PBXGroup;
			children = (
				ECFF197F2A1F9F5100120D8D /* Odin.app */,
				ECFF198F2A1F9F5100120D8D /* OdinTests.xctest */,
				ECFF19992A1F9F5100120D8D /* OdinUITests.xctest */,
			);
			name = Products;
			sourceTree = "<group>";
		};
		ECFF19812A1F9F5100120D8D /* Odin */ = {
			isa = PBXGroup;
			children = (
				EC2476362A34A1880005B6A4 /* Persistence */,
				EC4C9B802A1FFC4700C38C66 /* CustomControls */,
				EC4BA4D32A20D7D500BF0EF7 /* ViewModels */,
				EC9A7C972A1FB6270080C2E3 /* Views */,
				ECFF19822A1F9F5100120D8D /* OdinApp.swift */,
				ECFF19862A1F9F5100120D8D /* Assets.xcassets */,
				ECFF19882A1F9F5100120D8D /* Preview Content */,
			);
			path = Odin;
			sourceTree = "<group>";
		};
		ECFF19882A1F9F5100120D8D /* Preview Content */ = {
			isa = PBXGroup;
			children = (
				ECFF19892A1F9F5100120D8D /* Preview Assets.xcassets */,
			);
			path = "Preview Content";
			sourceTree = "<group>";
		};
		ECFF19922A1F9F5100120D8D /* OdinTests */ = {
			isa = PBXGroup;
			children = (
				ECFF19932A1F9F5100120D8D /* OdinTests.swift */,
			);
			path = OdinTests;
			sourceTree = "<group>";
		};
		ECFF199C2A1F9F5100120D8D /* OdinUITests */ = {
			isa = PBXGroup;
			children = (
				ECFF199D2A1F9F5100120D8D /* OdinUITests.swift */,
				ECFF199F2A1F9F5100120D8D /* OdinUITestsLaunchTests.swift */,
			);
			path = OdinUITests;
			sourceTree = "<group>";
		};
/* End PBXGroup section */

/* Begin PBXNativeTarget section */
		ECFF197E2A1F9F5100120D8D /* Odin */ = {
			isa = PBXNativeTarget;
			buildConfigurationList = ECFF19A32A1F9F5100120D8D /* Build configuration list for PBXNativeTarget "Odin" */;
			buildPhases = (
				ECFF197B2A1F9F5100120D8D /* Sources */,
				ECFF197C2A1F9F5100120D8D /* Frameworks */,
				ECFF197D2A1F9F5100120D8D /* Resources */,
			);
			buildRules = (
			);
			dependencies = (
			);
			name = Odin;
			packageProductDependencies = (
				EC4BA4D92A20DA0000BF0EF7 /* Model */,
			);
			productName = Odin;
			productReference = ECFF197F2A1F9F5100120D8D /* Odin.app */;
			productType = "com.apple.product-type.application";
		};
		ECFF198E2A1F9F5100120D8D /* OdinTests */ = {
			isa = PBXNativeTarget;
			buildConfigurationList = ECFF19A62A1F9F5100120D8D /* Build configuration list for PBXNativeTarget "OdinTests" */;
			buildPhases = (
				ECFF198B2A1F9F5100120D8D /* Sources */,
				ECFF198C2A1F9F5100120D8D /* Frameworks */,
				ECFF198D2A1F9F5100120D8D /* Resources */,
			);
			buildRules = (
			);
			dependencies = (
				ECFF19912A1F9F5100120D8D /* PBXTargetDependency */,
			);
			name = OdinTests;
			productName = OdinTests;
			productReference = ECFF198F2A1F9F5100120D8D /* OdinTests.xctest */;
			productType = "com.apple.product-type.bundle.unit-test";
		};
		ECFF19982A1F9F5100120D8D /* OdinUITests */ = {
			isa = PBXNativeTarget;
			buildConfigurationList = ECFF19A92A1F9F5100120D8D /* Build configuration list for PBXNativeTarget "OdinUITests" */;
			buildPhases = (
				ECFF19952A1F9F5100120D8D /* Sources */,
				ECFF19962A1F9F5100120D8D /* Frameworks */,
				ECFF19972A1F9F5100120D8D /* Resources */,
			);
			buildRules = (
			);
			dependencies = (
				ECFF199B2A1F9F5100120D8D /* PBXTargetDependency */,
			);
			name = OdinUITests;
			productName = OdinUITests;
			productReference = ECFF19992A1F9F5100120D8D /* OdinUITests.xctest */;
			productType = "com.apple.product-type.bundle.ui-testing";
		};
/* End PBXNativeTarget section */

/* Begin PBXProject section */
		ECFF19772A1F9F5100120D8D /* Project object */ = {
			isa = PBXProject;
			attributes = {
				BuildIndependentTargetsInParallel = 1;
				LastSwiftUpdateCheck = 1430;
				LastUpgradeCheck = 1430;
				TargetAttributes = {
					ECFF197E2A1F9F5100120D8D = {
						CreatedOnToolsVersion = 14.3;
					};
					ECFF198E2A1F9F5100120D8D = {
						CreatedOnToolsVersion = 14.3;
						TestTargetID = ECFF197E2A1F9F5100120D8D;
					};
					ECFF19982A1F9F5100120D8D = {
						CreatedOnToolsVersion = 14.3;
						TestTargetID = ECFF197E2A1F9F5100120D8D;
					};
				};
			};
			buildConfigurationList = ECFF197A2A1F9F5100120D8D /* Build configuration list for PBXProject "Odin" */;
			compatibilityVersion = "Xcode 14.0";
			developmentRegion = en;
			hasScannedForEncodings = 0;
			knownRegions = (
				en,
				Base,
			);
			mainGroup = ECFF19762A1F9F5100120D8D;
			productRefGroup = ECFF19802A1F9F5100120D8D /* Products */;
			projectDirPath = "";
			projectRoot = "";
			targets = (
				ECFF197E2A1F9F5100120D8D /* Odin */,
				ECFF198E2A1F9F5100120D8D /* OdinTests */,
				ECFF19982A1F9F5100120D8D /* OdinUITests */,
			);
		};
/* End PBXProject section */

/* Begin PBXResourcesBuildPhase section */
		ECFF197D2A1F9F5100120D8D /* Resources */ = {
			isa = PBXResourcesBuildPhase;
			buildActionMask = 2147483647;
			files = (
				ECFF198A2A1F9F5100120D8D /* Preview Assets.xcassets in Resources */,
				ECFF19872A1F9F5100120D8D /* Assets.xcassets in Resources */,
			);
			runOnlyForDeploymentPostprocessing = 0;
		};
		ECFF198D2A1F9F5100120D8D /* Resources */ = {
			isa = PBXResourcesBuildPhase;
			buildActionMask = 2147483647;
			files = (
			);
			runOnlyForDeploymentPostprocessing = 0;
		};
		ECFF19972A1F9F5100120D8D /* Resources */ = {
			isa = PBXResourcesBuildPhase;
			buildActionMask = 2147483647;
			files = (
			);
			runOnlyForDeploymentPostprocessing = 0;
		};
/* End PBXResourcesBuildPhase section */

/* Begin PBXSourcesBuildPhase section */
		ECFF197B2A1F9F5100120D8D /* Sources */ = {
			isa = PBXSourcesBuildPhase;
			buildActionMask = 2147483647;
			files = (
				ECA4149E2A2368520044FED8 /* BlocsView.swift in Sources */,
				EC2CD6302A29E3BB00B1DD99 /* BaseVM.swift in Sources */,
				ECA414B02A253FF90044FED8 /* BlocVM.swift in Sources */,
				EC4BA4D72A20D98B00BF0EF7 /* SubjectVM.swift in Sources */,
				ECA414AC2A23960D0044FED8 /* ViewWithLineView.swift in Sources */,
				ECFF19832A1F9F5100120D8D /* OdinApp.swift in Sources */,
				EC2476402A34BA2E0005B6A4 /* JsonPersistenceStrategy.swift in Sources */,
				ECA414962A2351BB0044FED8 /* BlocView.swift in Sources */,
				EC2476352A3323B60005B6A4 /* ArrayExtensions.swift in Sources */,
				ECA414982A2354DE0044FED8 /* OdinVM.swift in Sources */,
				ECA414A82A238F4D0044FED8 /* TeachingUnitGlobalDetailView.swift in Sources */,
				EC4C9B822A1FFC6300C38C66 /* CapsuleSliderView.swift in Sources */,
				ECA414A02A236C180044FED8 /* TeachingUnitsView.swift in Sources */,
				ECA414AA2A2393E30044FED8 /* TeachingUnitDetailView.swift in Sources */,
				EC2476422A34BBE20005B6A4 /* PersistenceStrategy.swift in Sources */,
				EC24763F2A34BA2E0005B6A4 /* JsonPersistenceData.swift in Sources */,
				ECA4149C2A235DD50044FED8 /* CalculatorView.swift in Sources */,
				ECA414AE2A23A2690044FED8 /* EditTeachingUnitView.swift in Sources */,
				ECA4149A2A235DBD0044FED8 /* TeachingUnitView.swift in Sources */,
				EC4BA4CF2A20D63F00BF0EF7 /* SubjectView.swift in Sources */,
				EC0228BC2A3BB7E600C563C9 /* StubPersistenceStrategy.swift in Sources */,
				EC4BA4DC2A20DFB400BF0EF7 /* TeachingUnitVM.swift in Sources */,
			);
			runOnlyForDeploymentPostprocessing = 0;
		};
		ECFF198B2A1F9F5100120D8D /* Sources */ = {
			isa = PBXSourcesBuildPhase;
			buildActionMask = 2147483647;
			files = (
				ECFF19942A1F9F5100120D8D /* OdinTests.swift in Sources */,
			);
			runOnlyForDeploymentPostprocessing = 0;
		};
		ECFF19952A1F9F5100120D8D /* Sources */ = {
			isa = PBXSourcesBuildPhase;
			buildActionMask = 2147483647;
			files = (
				ECFF19A02A1F9F5100120D8D /* OdinUITestsLaunchTests.swift in Sources */,
				ECFF199E2A1F9F5100120D8D /* OdinUITests.swift in Sources */,
			);
			runOnlyForDeploymentPostprocessing = 0;
		};
/* End PBXSourcesBuildPhase section */

/* Begin PBXTargetDependency section */
		ECFF19912A1F9F5100120D8D /* PBXTargetDependency */ = {
			isa = PBXTargetDependency;
			target = ECFF197E2A1F9F5100120D8D /* Odin */;
			targetProxy = ECFF19902A1F9F5100120D8D /* PBXContainerItemProxy */;
		};
		ECFF199B2A1F9F5100120D8D /* PBXTargetDependency */ = {
			isa = PBXTargetDependency;
			target = ECFF197E2A1F9F5100120D8D /* Odin */;
			targetProxy = ECFF199A2A1F9F5100120D8D /* PBXContainerItemProxy */;
		};
/* End PBXTargetDependency section */

/* Begin XCBuildConfiguration section */
		ECFF19A12A1F9F5100120D8D /* Debug */ = {
			isa = XCBuildConfiguration;
			buildSettings = {
				ALWAYS_SEARCH_USER_PATHS = NO;
				CLANG_ANALYZER_NONNULL = YES;
				CLANG_ANALYZER_NUMBER_OBJECT_CONVERSION = YES_AGGRESSIVE;
				CLANG_CXX_LANGUAGE_STANDARD = "gnu++20";
				CLANG_ENABLE_MODULES = YES;
				CLANG_ENABLE_OBJC_ARC = YES;
				CLANG_ENABLE_OBJC_WEAK = YES;
				CLANG_WARN_BLOCK_CAPTURE_AUTORELEASING = YES;
				CLANG_WARN_BOOL_CONVERSION = YES;
				CLANG_WARN_COMMA = YES;
				CLANG_WARN_CONSTANT_CONVERSION = YES;
				CLANG_WARN_DEPRECATED_OBJC_IMPLEMENTATIONS = YES;
				CLANG_WARN_DIRECT_OBJC_ISA_USAGE = YES_ERROR;
				CLANG_WARN_DOCUMENTATION_COMMENTS = YES;
				CLANG_WARN_EMPTY_BODY = YES;
				CLANG_WARN_ENUM_CONVERSION = YES;
				CLANG_WARN_INFINITE_RECURSION = YES;
				CLANG_WARN_INT_CONVERSION = YES;
				CLANG_WARN_NON_LITERAL_NULL_CONVERSION = YES;
				CLANG_WARN_OBJC_IMPLICIT_RETAIN_SELF = YES;
				CLANG_WARN_OBJC_LITERAL_CONVERSION = YES;
				CLANG_WARN_OBJC_ROOT_CLASS = YES_ERROR;
				CLANG_WARN_QUOTED_INCLUDE_IN_FRAMEWORK_HEADER = YES;
				CLANG_WARN_RANGE_LOOP_ANALYSIS = YES;
				CLANG_WARN_STRICT_PROTOTYPES = YES;
				CLANG_WARN_SUSPICIOUS_MOVE = YES;
				CLANG_WARN_UNGUARDED_AVAILABILITY = YES_AGGRESSIVE;
				CLANG_WARN_UNREACHABLE_CODE = YES;
				CLANG_WARN__DUPLICATE_METHOD_MATCH = YES;
				COPY_PHASE_STRIP = NO;
				DEBUG_INFORMATION_FORMAT = dwarf;
				ENABLE_STRICT_OBJC_MSGSEND = YES;
				ENABLE_TESTABILITY = YES;
				GCC_C_LANGUAGE_STANDARD = gnu11;
				GCC_DYNAMIC_NO_PIC = NO;
				GCC_NO_COMMON_BLOCKS = YES;
				GCC_OPTIMIZATION_LEVEL = 0;
				GCC_PREPROCESSOR_DEFINITIONS = (
					"DEBUG=1",
					"$(inherited)",
				);
				GCC_WARN_64_TO_32_BIT_CONVERSION = YES;
				GCC_WARN_ABOUT_RETURN_TYPE = YES_ERROR;
				GCC_WARN_UNDECLARED_SELECTOR = YES;
				GCC_WARN_UNINITIALIZED_AUTOS = YES_AGGRESSIVE;
				GCC_WARN_UNUSED_FUNCTION = YES;
				GCC_WARN_UNUSED_VARIABLE = YES;
				IPHONEOS_DEPLOYMENT_TARGET = 16.4;
				MTL_ENABLE_DEBUG_INFO = INCLUDE_SOURCE;
				MTL_FAST_MATH = YES;
				ONLY_ACTIVE_ARCH = YES;
				SDKROOT = iphoneos;
				SWIFT_ACTIVE_COMPILATION_CONDITIONS = DEBUG;
				SWIFT_OPTIMIZATION_LEVEL = "-Onone";
			};
			name = Debug;
		};
		ECFF19A22A1F9F5100120D8D /* Release */ = {
			isa = XCBuildConfiguration;
			buildSettings = {
				ALWAYS_SEARCH_USER_PATHS = NO;
				CLANG_ANALYZER_NONNULL = YES;
				CLANG_ANALYZER_NUMBER_OBJECT_CONVERSION = YES_AGGRESSIVE;
				CLANG_CXX_LANGUAGE_STANDARD = "gnu++20";
				CLANG_ENABLE_MODULES = YES;
				CLANG_ENABLE_OBJC_ARC = YES;
				CLANG_ENABLE_OBJC_WEAK = YES;
				CLANG_WARN_BLOCK_CAPTURE_AUTORELEASING = YES;
				CLANG_WARN_BOOL_CONVERSION = YES;
				CLANG_WARN_COMMA = YES;
				CLANG_WARN_CONSTANT_CONVERSION = YES;
				CLANG_WARN_DEPRECATED_OBJC_IMPLEMENTATIONS = YES;
				CLANG_WARN_DIRECT_OBJC_ISA_USAGE = YES_ERROR;
				CLANG_WARN_DOCUMENTATION_COMMENTS = YES;
				CLANG_WARN_EMPTY_BODY = YES;
				CLANG_WARN_ENUM_CONVERSION = YES;
				CLANG_WARN_INFINITE_RECURSION = YES;
				CLANG_WARN_INT_CONVERSION = YES;
				CLANG_WARN_NON_LITERAL_NULL_CONVERSION = YES;
				CLANG_WARN_OBJC_IMPLICIT_RETAIN_SELF = YES;
				CLANG_WARN_OBJC_LITERAL_CONVERSION = YES;
				CLANG_WARN_OBJC_ROOT_CLASS = YES_ERROR;
				CLANG_WARN_QUOTED_INCLUDE_IN_FRAMEWORK_HEADER = YES;
				CLANG_WARN_RANGE_LOOP_ANALYSIS = YES;
				CLANG_WARN_STRICT_PROTOTYPES = YES;
				CLANG_WARN_SUSPICIOUS_MOVE = YES;
				CLANG_WARN_UNGUARDED_AVAILABILITY = YES_AGGRESSIVE;
				CLANG_WARN_UNREACHABLE_CODE = YES;
				CLANG_WARN__DUPLICATE_METHOD_MATCH = YES;
				COPY_PHASE_STRIP = NO;
				DEBUG_INFORMATION_FORMAT = "dwarf-with-dsym";
				ENABLE_NS_ASSERTIONS = NO;
				ENABLE_STRICT_OBJC_MSGSEND = YES;
				GCC_C_LANGUAGE_STANDARD = gnu11;
				GCC_NO_COMMON_BLOCKS = YES;
				GCC_WARN_64_TO_32_BIT_CONVERSION = YES;
				GCC_WARN_ABOUT_RETURN_TYPE = YES_ERROR;
				GCC_WARN_UNDECLARED_SELECTOR = YES;
				GCC_WARN_UNINITIALIZED_AUTOS = YES_AGGRESSIVE;
				GCC_WARN_UNUSED_FUNCTION = YES;
				GCC_WARN_UNUSED_VARIABLE = YES;
				IPHONEOS_DEPLOYMENT_TARGET = 16.4;
				MTL_ENABLE_DEBUG_INFO = NO;
				MTL_FAST_MATH = YES;
				SDKROOT = iphoneos;
				SWIFT_COMPILATION_MODE = wholemodule;
				SWIFT_OPTIMIZATION_LEVEL = "-O";
				VALIDATE_PRODUCT = YES;
			};
			name = Release;
		};
		ECFF19A42A1F9F5100120D8D /* Debug */ = {
			isa = XCBuildConfiguration;
			buildSettings = {
				ASSETCATALOG_COMPILER_APPICON_NAME = AppIcon;
				ASSETCATALOG_COMPILER_GLOBAL_ACCENT_COLOR_NAME = AccentColor;
				CODE_SIGN_STYLE = Automatic;
				CURRENT_PROJECT_VERSION = 1;
				DEVELOPMENT_ASSET_PATHS = "\"Odin/Preview Content\"";
				ENABLE_PREVIEWS = YES;
				GENERATE_INFOPLIST_FILE = YES;
				INFOPLIST_KEY_UIApplicationSceneManifest_Generation = YES;
				INFOPLIST_KEY_UIApplicationSupportsIndirectInputEvents = YES;
				INFOPLIST_KEY_UILaunchScreen_Generation = YES;
				INFOPLIST_KEY_UISupportedInterfaceOrientations_iPad = "UIInterfaceOrientationPortrait UIInterfaceOrientationPortraitUpsideDown UIInterfaceOrientationLandscapeLeft UIInterfaceOrientationLandscapeRight";
				INFOPLIST_KEY_UISupportedInterfaceOrientations_iPhone = "UIInterfaceOrientationPortrait UIInterfaceOrientationLandscapeLeft UIInterfaceOrientationLandscapeRight";
				LD_RUNPATH_SEARCH_PATHS = (
					"$(inherited)",
					"@executable_path/Frameworks",
				);
				MARKETING_VERSION = 1.0;
				PRODUCT_BUNDLE_IDENTIFIER = fr.uca.iut.Odin;
				PRODUCT_NAME = "$(TARGET_NAME)";
				SWIFT_EMIT_LOC_STRINGS = YES;
				SWIFT_VERSION = 5.0;
				TARGETED_DEVICE_FAMILY = "1,2";
			};
			name = Debug;
		};
		ECFF19A52A1F9F5100120D8D /* Release */ = {
			isa = XCBuildConfiguration;
			buildSettings = {
				ASSETCATALOG_COMPILER_APPICON_NAME = AppIcon;
				ASSETCATALOG_COMPILER_GLOBAL_ACCENT_COLOR_NAME = AccentColor;
				CODE_SIGN_STYLE = Automatic;
				CURRENT_PROJECT_VERSION = 1;
				DEVELOPMENT_ASSET_PATHS = "\"Odin/Preview Content\"";
				ENABLE_PREVIEWS = YES;
				GENERATE_INFOPLIST_FILE = YES;
				INFOPLIST_KEY_UIApplicationSceneManifest_Generation = YES;
				INFOPLIST_KEY_UIApplicationSupportsIndirectInputEvents = YES;
				INFOPLIST_KEY_UILaunchScreen_Generation = YES;
				INFOPLIST_KEY_UISupportedInterfaceOrientations_iPad = "UIInterfaceOrientationPortrait UIInterfaceOrientationPortraitUpsideDown UIInterfaceOrientationLandscapeLeft UIInterfaceOrientationLandscapeRight";
				INFOPLIST_KEY_UISupportedInterfaceOrientations_iPhone = "UIInterfaceOrientationPortrait UIInterfaceOrientationLandscapeLeft UIInterfaceOrientationLandscapeRight";
				LD_RUNPATH_SEARCH_PATHS = (
					"$(inherited)",
					"@executable_path/Frameworks",
				);
				MARKETING_VERSION = 1.0;
				PRODUCT_BUNDLE_IDENTIFIER = fr.uca.iut.Odin;
				PRODUCT_NAME = "$(TARGET_NAME)";
				SWIFT_EMIT_LOC_STRINGS = YES;
				SWIFT_VERSION = 5.0;
				TARGETED_DEVICE_FAMILY = "1,2";
			};
			name = Release;
		};
		ECFF19A72A1F9F5100120D8D /* Debug */ = {
			isa = XCBuildConfiguration;
			buildSettings = {
				ALWAYS_EMBED_SWIFT_STANDARD_LIBRARIES = YES;
				BUNDLE_LOADER = "$(TEST_HOST)";
				CODE_SIGN_STYLE = Automatic;
				CURRENT_PROJECT_VERSION = 1;
				GENERATE_INFOPLIST_FILE = YES;
				IPHONEOS_DEPLOYMENT_TARGET = 16.4;
				MARKETING_VERSION = 1.0;
				PRODUCT_BUNDLE_IDENTIFIER = fr.uca.iut.OdinTests;
				PRODUCT_NAME = "$(TARGET_NAME)";
				SWIFT_EMIT_LOC_STRINGS = NO;
				SWIFT_VERSION = 5.0;
				TARGETED_DEVICE_FAMILY = "1,2";
				TEST_HOST = "$(BUILT_PRODUCTS_DIR)/Odin.app/$(BUNDLE_EXECUTABLE_FOLDER_PATH)/Odin";
			};
			name = Debug;
		};
		ECFF19A82A1F9F5100120D8D /* Release */ = {
			isa = XCBuildConfiguration;
			buildSettings = {
				ALWAYS_EMBED_SWIFT_STANDARD_LIBRARIES = YES;
				BUNDLE_LOADER = "$(TEST_HOST)";
				CODE_SIGN_STYLE = Automatic;
				CURRENT_PROJECT_VERSION = 1;
				GENERATE_INFOPLIST_FILE = YES;
				IPHONEOS_DEPLOYMENT_TARGET = 16.4;
				MARKETING_VERSION = 1.0;
				PRODUCT_BUNDLE_IDENTIFIER = fr.uca.iut.OdinTests;
				PRODUCT_NAME = "$(TARGET_NAME)";
				SWIFT_EMIT_LOC_STRINGS = NO;
				SWIFT_VERSION = 5.0;
				TARGETED_DEVICE_FAMILY = "1,2";
				TEST_HOST = "$(BUILT_PRODUCTS_DIR)/Odin.app/$(BUNDLE_EXECUTABLE_FOLDER_PATH)/Odin";
			};
			name = Release;
		};
		ECFF19AA2A1F9F5100120D8D /* Debug */ = {
			isa = XCBuildConfiguration;
			buildSettings = {
				ALWAYS_EMBED_SWIFT_STANDARD_LIBRARIES = YES;
				CODE_SIGN_STYLE = Automatic;
				CURRENT_PROJECT_VERSION = 1;
				GENERATE_INFOPLIST_FILE = YES;
				MARKETING_VERSION = 1.0;
				PRODUCT_BUNDLE_IDENTIFIER = fr.uca.iut.OdinUITests;
				PRODUCT_NAME = "$(TARGET_NAME)";
				SWIFT_EMIT_LOC_STRINGS = NO;
				SWIFT_VERSION = 5.0;
				TARGETED_DEVICE_FAMILY = "1,2";
				TEST_TARGET_NAME = Odin;
			};
			name = Debug;
		};
		ECFF19AB2A1F9F5100120D8D /* Release */ = {
			isa = XCBuildConfiguration;
			buildSettings = {
				ALWAYS_EMBED_SWIFT_STANDARD_LIBRARIES = YES;
				CODE_SIGN_STYLE = Automatic;
				CURRENT_PROJECT_VERSION = 1;
				GENERATE_INFOPLIST_FILE = YES;
				MARKETING_VERSION = 1.0;
				PRODUCT_BUNDLE_IDENTIFIER = fr.uca.iut.OdinUITests;
				PRODUCT_NAME = "$(TARGET_NAME)";
				SWIFT_EMIT_LOC_STRINGS = NO;
				SWIFT_VERSION = 5.0;
				TARGETED_DEVICE_FAMILY = "1,2";
				TEST_TARGET_NAME = Odin;
			};
			name = Release;
		};
/* End XCBuildConfiguration section */

/* Begin XCConfigurationList section */
		ECFF197A2A1F9F5100120D8D /* Build configuration list for PBXProject "Odin" */ = {
			isa = XCConfigurationList;
			buildConfigurations = (
				ECFF19A12A1F9F5100120D8D /* Debug */,
				ECFF19A22A1F9F5100120D8D /* Release */,
			);
			defaultConfigurationIsVisible = 0;
			defaultConfigurationName = Release;
		};
		ECFF19A32A1F9F5100120D8D /* Build configuration list for PBXNativeTarget "Odin" */ = {
			isa = XCConfigurationList;
			buildConfigurations = (
				ECFF19A42A1F9F5100120D8D /* Debug */,
				ECFF19A52A1F9F5100120D8D /* Release */,
			);
			defaultConfigurationIsVisible = 0;
			defaultConfigurationName = Release;
		};
		ECFF19A62A1F9F5100120D8D /* Build configuration list for PBXNativeTarget "OdinTests" */ = {
			isa = XCConfigurationList;
			buildConfigurations = (
				ECFF19A72A1F9F5100120D8D /* Debug */,
				ECFF19A82A1F9F5100120D8D /* Release */,
			);
			defaultConfigurationIsVisible = 0;
			defaultConfigurationName = Release;
		};
		ECFF19A92A1F9F5100120D8D /* Build configuration list for PBXNativeTarget "OdinUITests" */ = {
			isa = XCConfigurationList;
			buildConfigurations = (
				ECFF19AA2A1F9F5100120D8D /* Debug */,
				ECFF19AB2A1F9F5100120D8D /* Release */,
			);
			defaultConfigurationIsVisible = 0;
			defaultConfigurationName = Release;
		};
/* End XCConfigurationList section */

/* Begin XCSwiftPackageProductDependency section */
		EC4BA4D92A20DA0000BF0EF7 /* Model */ = {
			isa = XCSwiftPackageProductDependency;
			productName = Model;
		};
/* End XCSwiftPackageProductDependency section */
	};
	rootObject = ECFF19772A1F9F5100120D8D /* Project object */;
}
